%{"bbmustache": {:hex, :bbmustache, "1.0.4"},
  "bunt": {:hex, :bunt, "0.1.5"},
  "cf": {:hex, :cf, "0.2.1"},
  "chatterbox": {:git, "https://github.com/joedevivo/chatterbox.git", "a01a71bc2713921a60430522cf7323cfa99ffc0e", [branch: :master]},
  "credo": {:hex, :credo, "0.3.13"},
  "dialyxir": {:hex, :dialyxir, "0.3.3"},
  "earmark": {:hex, :earmark, "0.2.1"},
  "erlware_commons": {:hex, :erlware_commons, "0.19.0"},
  "ex_doc": {:hex, :ex_doc, "0.11.5"},
  "exrm": {:hex, :exrm, "1.0.2"},
  "getopt": {:hex, :getopt, "0.8.2"},
  "goldrush": {:git, "git://github.com/DeadZen/goldrush.git", "212299233c7e7eb63a97be2777e1c05ebaa58dbe", [tag: "0.1.8"]},
  "hpack": {:git, "git://github.com/joedevivo/hpack.git", "2880ff4e88df18a31728893afc6746dcab1acf79", [branch: "master"]},
  "httpotion": {:hex, :httpotion, "2.2.2"},
  "ibrowse": {:hex, :ibrowse, "4.2.2"},
  "lager": {:git, "git://github.com/basho/lager.git", "75970de664c5634c577bdedf29c87f58a16893ca", [tag: "2.2.1"]},
  "poison": {:hex, :poison, "2.1.0"},
  "poolboy": {:hex, :poolboy, "1.5.1"},
  "providers": {:hex, :providers, "1.6.0"},
  "relx": {:hex, :relx, "3.18.0"}}
